// !$*UTF8*$!
{
	archiveVersion = 1;
	classes = {
	};
	objectVersion = 46;
	objects = {

/* Begin PBXBuildFile section */
		6CD9E65C1A02F280008C2460 /* AppDelegate.swift in Sources */ = {isa = PBXBuildFile; fileRef = 6CD9E65B1A02F280008C2460 /* AppDelegate.swift */; };
		6CD9E65E1A02F280008C2460 /* ViewController.swift in Sources */ = {isa = PBXBuildFile; fileRef = 6CD9E65D1A02F280008C2460 /* ViewController.swift */; };
		6CD9E6611A02F280008C2460 /* Main.storyboard in Resources */ = {isa = PBXBuildFile; fileRef = 6CD9E65F1A02F280008C2460 /* Main.storyboard */; };
		6CD9E6631A02F280008C2460 /* Images.xcassets in Resources */ = {isa = PBXBuildFile; fileRef = 6CD9E6621A02F280008C2460 /* Images.xcassets */; };
		6CD9E66F1A02F281008C2460 /* PostcardTests.swift in Sources */ = {isa = PBXBuildFile; fileRef = 6CD9E66E1A02F281008C2460 /* PostcardTests.swift */; };
		6CDF8AEB1A114969007BDCB3 /* SagradaFamilia.jpeg in Resources */ = {isa = PBXBuildFile; fileRef = 6CDF8AEA1A114969007BDCB3 /* SagradaFamilia.jpeg */; };
		6CDF8AED1A114DBD007BDCB3 /* AlbertEinsteinStamp.jpg in Resources */ = {isa = PBXBuildFile; fileRef = 6CDF8AEC1A114DBD007BDCB3 /* AlbertEinsteinStamp.jpg */; };
/* End PBXBuildFile section */

/* Begin PBXContainerItemProxy section */
		6CD9E6691A02F280008C2460 /* PBXContainerItemProxy */ = {
			isa = PBXContainerItemProxy;
			containerPortal = 6CD9E64E1A02F280008C2460 /* Project object */;
			proxyType = 1;
			remoteGlobalIDString = 6CD9E6551A02F280008C2460;
			remoteInfo = Postcard;
		};
/* End PBXContainerItemProxy section */

/* Begin PBXFileReference section */
		6CD9E6561A02F280008C2460 /* Postcard.app */ = {isa = PBXFileReference; explicitFileType = wrapper.application; includeInIndex = 0; path = Postcard.app; sourceTree = BUILT_PRODUCTS_DIR; };
		6CD9E65A1A02F280008C2460 /* Info.plist */ = {isa = PBXFileReference; lastKnownFileType = text.plist.xml; path = Info.plist; sourceTree = "<group>"; };
		6CD9E65B1A02F280008C2460 /* AppDelegate.swift */ = {isa = PBXFileReference; lastKnownFileType = sourcecode.swift; path = AppDelegate.swift; sourceTree = "<group>"; };
		6CD9E65D1A02F280008C2460 /* ViewController.swift */ = {isa = PBXFileReference; lastKnownFileType = sourcecode.swift; path = ViewController.swift; sourceTree = "<group>"; };
		6CD9E6601A02F280008C2460 /* Base */ = {isa = PBXFileReference; lastKnownFileType = file.storyboard; name = Base; path = Base.lproj/Main.storyboard; sourceTree = "<group>"; };
		6CD9E6621A02F280008C2460 /* Images.xcassets */ = {isa = PBXFileReference; lastKnownFileType = folder.assetcatalog; path = Images.xcassets; sourceTree = "<group>"; };
		6CD9E6681A02F280008C2460 /* PostcardTests.xctest */ = {isa = PBXFileReference; explicitFileType = wrapper.cfbundle; includeInIndex = 0; path = PostcardTests.xctest; sourceTree = BUILT_PRODUCTS_DIR; };
		6CD9E66D1A02F280008C2460 /* Info.plist */ = {isa = PBXFileReference; lastKnownFileType = text.plist.xml; path = Info.plist; sourceTree = "<group>"; };
		6CD9E66E1A02F281008C2460 /* PostcardTests.swift */ = {isa = PBXFileReference; lastKnownFileType = sourcecode.swift; path = PostcardTests.swift; sourceTree = "<group>"; };
		6CDF8AEA1A114969007BDCB3 /* SagradaFamilia.jpeg */ = {isa = PBXFileReference; lastKnownFileType = image.jpeg; path = SagradaFamilia.jpeg; sourceTree = "<group>"; };
		6CDF8AEC1A114DBD007BDCB3 /* AlbertEinsteinStamp.jpg */ = {isa = PBXFileReference; lastKnownFileType = image.jpeg; path = AlbertEinsteinStamp.jpg; sourceTree = "<group>"; };
/* End PBXFileReference section */

/* Begin PBXFrameworksBuildPhase section */
		6CD9E6531A02F280008C2460 /* Frameworks */ = {
			isa = PBXFrameworksBuildPhase;
			buildActionMask = 2147483647;
			files = (
			);
			runOnlyForDeploymentPostprocessing = 0;
		};
		6CD9E6651A02F280008C2460 /* Frameworks */ = {
			isa = PBXFrameworksBuildPhase;
			buildActionMask = 2147483647;
			files = (
			);
			runOnlyForDeploymentPostprocessing = 0;
		};
/* End PBXFrameworksBuildPhase section */

/* Begin PBXGroup section */
		6CD9E64D1A02F280008C2460 = {
			isa = PBXGroup;
			children = (
				6CD9E6581A02F280008C2460 /* Postcard */,
				6CD9E66B1A02F280008C2460 /* PostcardTests */,
				6CD9E6571A02F280008C2460 /* Products */,
			);
			sourceTree = "<group>";
		};
		6CD9E6571A02F280008C2460 /* Products */ = {
			isa = PBXGroup;
			children = (
				6CD9E6561A02F280008C2460 /* Postcard.app */,
				6CD9E6681A02F280008C2460 /* PostcardTests.xctest */,
			);
			name = Products;
			sourceTree = "<group>";
		};
		6CD9E6581A02F280008C2460 /* Postcard */ = {
			isa = PBXGroup;
			children = (
				6CD9E65B1A02F280008C2460 /* AppDelegate.swift */,
				6CD9E65D1A02F280008C2460 /* ViewController.swift */,
				6CD9E65F1A02F280008C2460 /* Main.storyboard */,
				6CD9E6621A02F280008C2460 /* Images.xcassets */,
				6CD9E6591A02F280008C2460 /* Supporting Files */,
			);
			path = Postcard;
			sourceTree = "<group>";
		};
		6CD9E6591A02F280008C2460 /* Supporting Files */ = {
			isa = PBXGroup;
			children = (
				6CDF8AEC1A114DBD007BDCB3 /* AlbertEinsteinStamp.jpg */,
				6CDF8AEA1A114969007BDCB3 /* SagradaFamilia.jpeg */,
				6CD9E65A1A02F280008C2460 /* Info.plist */,
			);
			name = "Supporting Files";
			sourceTree = "<group>";
		};
		6CD9E66B1A02F280008C2460 /* PostcardTests */ = {
			isa = PBXGroup;
			children = (
				6CD9E66E1A02F281008C2460 /* PostcardTests.swift */,
				6CD9E66C1A02F280008C2460 /* Supporting Files */,
			);
			path = PostcardTests;
			sourceTree = "<group>";
		};
		6CD9E66C1A02F280008C2460 /* Supporting Files */ = {
			isa = PBXGroup;
			children = (
				6CD9E66D1A02F280008C2460 /* Info.plist */,
			);
			name = "Supporting Files";
			sourceTree = "<group>";
		};
/* End PBXGroup section */

/* Begin PBXNativeTarget section */
		6CD9E6551A02F280008C2460 /* Postcard */ = {
			isa = PBXNativeTarget;
			buildConfigurationList = 6CD9E6721A02F281008C2460 /* Build configuration list for PBXNativeTarget "Postcard" */;
			buildPhases = (
				6CD9E6521A02F280008C2460 /* Sources */,
				6CD9E6531A02F280008C2460 /* Frameworks */,
				6CD9E6541A02F280008C2460 /* Resources */,
			);
			buildRules = (
			);
			dependencies = (
			);
			name = Postcard;
			productName = Postcard;
			productReference = 6CD9E6561A02F280008C2460 /* Postcard.app */;
			productType = "com.apple.product-type.application";
		};
		6CD9E6671A02F280008C2460 /* PostcardTests */ = {
			isa = PBXNativeTarget;
			buildConfigurationList = 6CD9E6751A02F281008C2460 /* Build configuration list for PBXNativeTarget "PostcardTests" */;
			buildPhases = (
				6CD9E6641A02F280008C2460 /* Sources */,
				6CD9E6651A02F280008C2460 /* Frameworks */,
				6CD9E6661A02F280008C2460 /* Resources */,
			);
			buildRules = (
			);
			dependencies = (
				6CD9E66A1A02F280008C2460 /* PBXTargetDependency */,
			);
			name = PostcardTests;
			productName = PostcardTests;
			productReference = 6CD9E6681A02F280008C2460 /* PostcardTests.xctest */;
			productType = "com.apple.product-type.bundle.unit-test";
		};
/* End PBXNativeTarget section */

/* Begin PBXProject section */
		6CD9E64E1A02F280008C2460 /* Project object */ = {
			isa = PBXProject;
			attributes = {
				LastUpgradeCheck = 0600;
				ORGANIZATIONNAME = "Avni Uysal";
				TargetAttributes = {
					6CD9E6551A02F280008C2460 = {
						CreatedOnToolsVersion = 6.0;
						DevelopmentTeam = XR7RYBW4R7;
					};
					6CD9E6671A02F280008C2460 = {
						CreatedOnToolsVersion = 6.0;
						TestTargetID = 6CD9E6551A02F280008C2460;
					};
				};
			};
			buildConfigurationList = 6CD9E6511A02F280008C2460 /* Build configuration list for PBXProject "Postcard" */;
			compatibilityVersion = "Xcode 3.2";
			developmentRegion = English;
			hasScannedForEncodings = 0;
			knownRegions = (
				en,
				Base,
			);
			mainGroup = 6CD9E64D1A02F280008C2460;
			productRefGroup = 6CD9E6571A02F280008C2460 /* Products */;
			projectDirPath = "";
			projectRoot = "";
			targets = (
				6CD9E6551A02F280008C2460 /* Postcard */,
				6CD9E6671A02F280008C2460 /* PostcardTests */,
			);
		};
/* End PBXProject section */

/* Begin PBXResourcesBuildPhase section */
		6CD9E6541A02F280008C2460 /* Resources */ = {
			isa = PBXResourcesBuildPhase;
			buildActionMask = 2147483647;
			files = (
				6CDF8AED1A114DBD007BDCB3 /* AlbertEinsteinStamp.jpg in Resources */,
				6CD9E6611A02F280008C2460 /* Main.storyboard in Resources */,
				6CD9E6631A02F280008C2460 /* Images.xcassets in Resources */,
				6CDF8AEB1A114969007BDCB3 /* SagradaFamilia.jpeg in Resources */,
			);
			runOnlyForDeploymentPostprocessing = 0;
		};
		6CD9E6661A02F280008C2460 /* Resources */ = {
			isa = PBXResourcesBuildPhase;
			buildActionMask = 2147483647;
			files = (
			);
			runOnlyForDeploymentPostprocessing = 0;
		};
/* End PBXResourcesBuildPhase section */

/* Begin PBXSourcesBuildPhase section */
		6CD9E6521A02F280008C2460 /* Sources */ = {
			isa = PBXSourcesBuildPhase;
			buildActionMask = 2147483647;
			files = (
				6CD9E65E1A02F280008C2460 /* ViewController.swift in Sources */,
				6CD9E65C1A02F280008C2460 /* AppDelegate.swift in Sources */,
			);
			runOnlyForDeploymentPostprocessing = 0;
		};
		6CD9E6641A02F280008C2460 /* Sources */ = {
			isa = PBXSourcesBuildPhase;
			buildActionMask = 2147483647;
			files = (
				6CD9E66F1A02F281008C2460 /* PostcardTests.swift in Sources */,
			);
			runOnlyForDeploymentPostprocessing = 0;
		};
/* End PBXSourcesBuildPhase section */

/* Begin PBXTargetDependency section */
		6CD9E66A1A02F280008C2460 /* PBXTargetDependency */ = {
			isa = PBXTargetDependency;
			target = 6CD9E6551A02F280008C2460 /* Postcard */;
			targetProxy = 6CD9E6691A02F280008C2460 /* PBXContainerItemProxy */;
		};
/* End PBXTargetDependency section */

/* Begin PBXVariantGroup section */
		6CD9E65F1A02F280008C2460 /* Main.storyboard */ = {
			isa = PBXVariantGroup;
			children = (
				6CD9E6601A02F280008C2460 /* Base */,
			);
			name = Main.storyboard;
			sourceTree = "<group>";
		};
/* End PBXVariantGroup section */

/* Begin XCBuildConfiguration section */
		6CD9E6701A02F281008C2460 /* Debug */ = {
			isa = XCBuildConfiguration;
			buildSettings = {
				ALWAYS_SEARCH_USER_PATHS = NO;
				CLANG_CXX_LANGUAGE_STANDARD = "gnu++0x";
				CLANG_CXX_LIBRARY = "libc++";
				CLANG_ENABLE_MODULES = YES;
				CLANG_ENABLE_OBJC_ARC = YES;
				CLANG_WARN_BOOL_CONVERSION = YES;
				CLANG_WARN_CONSTANT_CONVERSION = YES;
				CLANG_WARN_DIRECT_OBJC_ISA_USAGE = YES_ERROR;
				CLANG_WARN_EMPTY_BODY = YES;
				CLANG_WARN_ENUM_CONVERSION = YES;
				CLANG_WARN_INT_CONVERSION = YES;
				CLANG_WARN_OBJC_ROOT_CLASS = YES_ERROR;
				CLANG_WARN_UNREACHABLE_CODE = YES;
				CLANG_WARN__DUPLICATE_METHOD_MATCH = YES;
				"CODE_SIGN_IDENTITY[sdk=iphoneos*]" = "iPhone Developer";
				COPY_PHASE_STRIP = NO;
				ENABLE_STRICT_OBJC_MSGSEND = YES;
				GCC_C_LANGUAGE_STANDARD = gnu99;
				GCC_DYNAMIC_NO_PIC = NO;
				GCC_OPTIMIZATION_LEVEL = 0;
				GCC_PREPROCESSOR_DEFINITIONS = (
					"DEBUG=1",
					"$(inherited)",
				);
				GCC_SYMBOLS_PRIVATE_EXTERN = NO;
				GCC_WARN_64_TO_32_BIT_CONVERSION = YES;
				GCC_WARN_ABOUT_RETURN_TYPE = YES_ERROR;
				GCC_WARN_UNDECLARED_SELECTOR = YES;
				GCC_WARN_UNINITIALIZED_AUTOS = YES_AGGRESSIVE;
				GCC_WARN_UNUSED_FUNCTION = YES;
				GCC_WARN_UNUSED_VARIABLE = YES;
				IPHONEOS_DEPLOYMENT_TARGET = 8.0;
				METAL_ENABLE_DEBUG_INFO = YES;
				ONLY_ACTIVE_ARCH = YES;
				SDKROOT = iphoneos;
				SWIFT_OPTIMIZATION_LEVEL = "-Onone";
				TARGETED_DEVICE_FAMILY = "1,2";
			};
			name = Debug;
		};
		6CD9E6711A02F281008C2460 /* Release */ = {
			isa = XCBuildConfiguration;
			buildSettings = {
				ALWAYS_SEARCH_USER_PATHS = NO;
				CLANG_CXX_LANGUAGE_STANDARD = "gnu++0x";
				CLANG_CXX_LIBRARY = "libc++";
				CLANG_ENABLE_MODULES = YES;
				CLANG_ENABLE_OBJC_ARC = YES;
				CLANG_WARN_BOOL_CONVERSION = YES;
				CLANG_WARN_CONSTANT_CONVERSION = YES;
				CLANG_WARN_DIRECT_OBJC_ISA_USAGE = YES_ERROR;
				CLANG_WARN_EMPTY_BODY = YES;
				CLANG_WARN_ENUM_CONVERSION = YES;
				CLANG_WARN_INT_CONVERSION = YES;
				CLANG_WARN_OBJC_ROOT_CLASS = YES_ERROR;
				CLANG_WARN_UNREACHABLE_CODE = YES;
				CLANG_WARN__DUPLICATE_METHOD_MATCH = YES;
				"CODE_SIGN_IDENTITY[sdk=iphoneos*]" = "iPhone Developer";
				COPY_PHASE_STRIP = YES;
				ENABLE_NS_ASSERTIONS = NO;
				ENABLE_STRICT_OBJC_MSGSEND = YES;
				GCC_C_LANGUAGE_STANDARD = gnu99;
				GCC_WARN_64_TO_32_BIT_CONVERSION = YES;
				GCC_WARN_ABOUT_RETURN_TYPE = YES_ERROR;
				GCC_WARN_UNDECLARED_SELECTOR = YES;
				GCC_WARN_UNINITIALIZED_AUTOS = YES_AGGRESSIVE;
				GCC_WARN_UNUSED_FUNCTION = YES;
				GCC_WARN_UNUSED_VARIABLE = YES;
				IPHONEOS_DEPLOYMENT_TARGET = 8.0;
				METAL_ENABLE_DEBUG_INFO = NO;
				SDKROOT = iphoneos;
				TARGETED_DEVICE_FAMILY = "1,2";
				VALIDATE_PRODUCT = YES;
			};
			name = Release;
		};
		6CD9E6731A02F281008C2460 /* Debug */ = {
			isa = XCBuildConfiguration;
			buildSettings = {
				ASSETCATALOG_COMPILER_APPICON_NAME = AppIcon;
				ASSETCATALOG_COMPILER_LAUNCHIMAGE_NAME = LaunchImage;
				INFOPLIST_FILE = Postcard/Info.plist;
				LD_RUNPATH_SEARCH_PATHS = "$(inherited) @executable_path/Frameworks";
				PRODUCT_NAME = "$(TARGET_NAME)";
			};
			name = Debug;
		};
		6CD9E6741A02F281008C2460 /* Release */ = {
			isa = XCBuildConfiguration;
			buildSettings = {
				ASSETCATALOG_COMPILER_APPICON_NAME = AppIcon;
				ASSETCATALOG_COMPILER_LAUNCHIMAGE_NAME = LaunchImage;
				INFOPLIST_FILE = Postcard/Info.plist;
				LD_RUNPATH_SEARCH_PATHS = "$(inherited) @executable_path/Frameworks";
				PRODUCT_NAME = "$(TARGET_NAME)";
			};
			name = Release;
		};
		6CD9E6761A02F281008C2460 /* Debug */ = {
			isa = XCBuildConfiguration;
			buildSettings = {
				BUNDLE_LOADER = "$(BUILT_PRODUCTS_DIR)/Postcard.app/Postcard";
				FRAMEWORK_SEARCH_PATHS = (
					"$(SDKROOT)/Developer/Library/Frameworks",
					"$(inherited)",
				);
				GCC_PREPROCESSOR_DEFINITIONS = (
					"DEBUG=1",
					"$(inherited)",
				);
				INFOPLIST_FILE = PostcardTests/Info.plist;
				LD_RUNPATH_SEARCH_PATHS = "$(inherited) @executable_path/Frameworks @loader_path/Frameworks";
				METAL_ENABLE_DEBUG_INFO = YES;
				PRODUCT_NAME = "$(TARGET_NAME)";
				TEST_HOST = "$(BUNDLE_LOADER)";
			};
			name = Debug;
		};
		6CD9E6771A02F281008C2460 /* Release */ = {
			isa = XCBuildConfiguration;
			buildSettings = {
				BUNDLE_LOADER = "$(BUILT_PRODUCTS_DIR)/Postcard.app/Postcard";
				FRAMEWORK_SEARCH_PATHS = (
					"$(SDKROOT)/Developer/Library/Frameworks",
					"$(inherited)",
				);
				INFOPLIST_FILE = PostcardTests/Info.plist;
				LD_RUNPATH_SEARCH_PATHS = "$(inherited) @executable_path/Frameworks @loader_path/Frameworks";
				METAL_ENABLE_DEBUG_INFO = NO;
				PRODUCT_NAME = "$(TARGET_NAME)";
				TEST_HOST = "$(BUNDLE_LOADER)";
			};
			name = Release;
		};
/* End XCBuildConfiguration section */

/* Begin XCConfigurationList section */
		6CD9E6511A02F280008C2460 /* Build configuration list for PBXProject "Postcard" */ = {
			isa = XCConfigurationList;
			buildConfigurations = (
				6CD9E6701A02F281008C2460 /* Debug */,
				6CD9E6711A02F281008C2460 /* Release */,
			);
			defaultConfigurationIsVisible = 0;
			defaultConfigurationName = Release;
		};
		6CD9E6721A02F281008C2460 /* Build configuration list for PBXNativeTarget "Postcard" */ = {
			isa = XCConfigurationList;
			buildConfigurations = (
				6CD9E6731A02F281008C2460 /* Debug */,
				6CD9E6741A02F281008C2460 /* Release */,
			);
			defaultConfigurationIsVisible = 0;
			defaultConfigurationName = Release;
		};
		6CD9E6751A02F281008C2460 /* Build configuration list for PBXNativeTarget "PostcardTests" */ = {
			isa = XCConfigurationList;
			buildConfigurations = (
				6CD9E6761A02F281008C2460 /* Debug */,
				6CD9E6771A02F281008C2460 /* Release */,
			);
			defaultConfigurationIsVisible = 0;
			defaultConfigurationName = Release;
		};
/* End XCConfigurationList section */
	};
	rootObject = 6CD9E64E1A02F280008C2460 /* Project object */;
}
